
Microsoft Visual Studio Solution File, Format Version 12.00
# Visual Studio 2013
VisualStudioVersion = 12.0.21005.1
MinimumVisualStudioVersion = 10.0.40219.1
Project("{8BC9CEB8-8B4A-11D0-8D11-00A0C91BC942}") = "test_12_18", "test_12_18\test_12_18.vcxproj", "{619AFA4C-D37F-460E-AAF8-98CBEE41BF18}"
EndProject
Global
	GlobalSection(SolutionConfigurationPlatforms) = preSolution
		Debug|Win32 = Debug|Win32
		Release|Win32 = Release|Win32
	EndGlobalSection
	GlobalSection(ProjectConfigurationPlatforms) = postSolution
		{619AFA4C-D37F-460E-AAF8-98CBEE41BF18}.Debug|Win32.ActiveCfg = Debug|Win32
		{619AFA4C-D37F-460E-AAF8-98CBEE41BF18}.Debug|Win32.Build.0 = Debug|Win32
		{619AFA4C-D37F-460E-AAF8-98CBEE41BF18}.Release|Win32.ActiveCfg = Release|Win32
		{619AFA4C-D37F-460E-AAF8-98CBEE41BF18}.Release|Win32.Build.0 = Release|Win32
	EndGlobalSection
	GlobalSection(SolutionProperties) = preSolution
		HideSolutionNode = FALSE
	EndGlobalSection
EndGlobal
