
Microsoft Visual Studio Solution File, Format Version 12.00
# Visual Studio 2013
VisualStudioVersion = 12.0.21005.1
MinimumVisualStudioVersion = 10.0.40219.1
Project("{8BC9CEB8-8B4A-11D0-8D11-00A0C91BC942}") = "test_10_30", "test_10_30\test_10_30.vcxproj", "{6BB27B40-3D93-45F8-92D8-A738C6C32505}"
EndProject
Global
	GlobalSection(SolutionConfigurationPlatforms) = preSolution
		Debug|Win32 = Debug|Win32
		Release|Win32 = Release|Win32
	EndGlobalSection
	GlobalSection(ProjectConfigurationPlatforms) = postSolution
		{6BB27B40-3D93-45F8-92D8-A738C6C32505}.Debug|Win32.ActiveCfg = Debug|Win32
		{6BB27B40-3D93-45F8-92D8-A738C6C32505}.Debug|Win32.Build.0 = Debug|Win32
		{6BB27B40-3D93-45F8-92D8-A738C6C32505}.Release|Win32.ActiveCfg = Release|Win32
		{6BB27B40-3D93-45F8-92D8-A738C6C32505}.Release|Win32.Build.0 = Release|Win32
	EndGlobalSection
	GlobalSection(SolutionProperties) = preSolution
		HideSolutionNode = FALSE
	EndGlobalSection
EndGlobal
